// !$*UTF8*$!
{
	archiveVersion = 1;
	classes = {
	};
	objectVersion = 56;
	objects = {

/* Begin PBXBuildFile section */
		2935E95E2AF437AF00D45EFC /* DiagnoseCarView.swift in Sources */ = {isa = PBXBuildFile; fileRef = 2935E95D2AF437AF00D45EFC /* DiagnoseCarView.swift */; };
		2987FE082AF416E3006467A9 /* Preview in Resources */ = {isa = PBXBuildFile; fileRef = 2987FE072AF416E3006467A9 /* Preview */; };
		374B45FA2AF361690015356A /* AuctusApp.swift in Sources */ = {isa = PBXBuildFile; fileRef = 374B45F92AF361690015356A /* AuctusApp.swift */; };
		374B45FC2AF361690015356A /* ContentView.swift in Sources */ = {isa = PBXBuildFile; fileRef = 374B45FB2AF361690015356A /* ContentView.swift */; };
		374B45FE2AF3616B0015356A /* Assets.xcassets in Resources */ = {isa = PBXBuildFile; fileRef = 374B45FD2AF3616B0015356A /* Assets.xcassets */; };
		374B460D2AF3689E0015356A /* Apollo in Frameworks */ = {isa = PBXBuildFile; productRef = 374B460C2AF3689E0015356A /* Apollo */; };
		374B46192AF370030015356A /* schema.json in Resources */ = {isa = PBXBuildFile; fileRef = 374B46182AF370030015356A /* schema.json */; };
		374B461B2AF374F20015356A /* DiagnoseCar.graphql in Resources */ = {isa = PBXBuildFile; fileRef = 374B461A2AF374F20015356A /* DiagnoseCar.graphql */; };
		374B46252AF37FD90015356A /* API.swift in Sources */ = {isa = PBXBuildFile; fileRef = 374B46242AF37FD90015356A /* API.swift */; };
		374B46272AF383100015356A /* Network.swift in Sources */ = {isa = PBXBuildFile; fileRef = 374B46262AF383100015356A /* Network.swift */; };
		374B46292AF3839E0015356A /* DiagnoseCarViewmodel.swift in Sources */ = {isa = PBXBuildFile; fileRef = 374B46282AF3839E0015356A /* DiagnoseCarViewmodel.swift */; };
/* End PBXBuildFile section */

/* Begin PBXFileReference section */
		2935E95D2AF437AF00D45EFC /* DiagnoseCarView.swift */ = {isa = PBXFileReference; lastKnownFileType = sourcecode.swift; path = DiagnoseCarView.swift; sourceTree = "<group>"; };
		2987FE072AF416E3006467A9 /* Preview */ = {isa = PBXFileReference; lastKnownFileType = folder; path = Preview; sourceTree = "<group>"; };
		374B45F62AF361690015356A /* Auctus.app */ = {isa = PBXFileReference; explicitFileType = wrapper.application; includeInIndex = 0; path = Auctus.app; sourceTree = BUILT_PRODUCTS_DIR; };
		374B45F92AF361690015356A /* AuctusApp.swift */ = {isa = PBXFileReference; lastKnownFileType = sourcecode.swift; path = AuctusApp.swift; sourceTree = "<group>"; };
		374B45FB2AF361690015356A /* ContentView.swift */ = {isa = PBXFileReference; lastKnownFileType = sourcecode.swift; path = ContentView.swift; sourceTree = "<group>"; };
		374B45FD2AF3616B0015356A /* Assets.xcassets */ = {isa = PBXFileReference; lastKnownFileType = folder.assetcatalog; path = Assets.xcassets; sourceTree = "<group>"; };
		374B46182AF370030015356A /* schema.json */ = {isa = PBXFileReference; fileEncoding = 4; lastKnownFileType = text.json; name = schema.json; path = Auctus/schema.json; sourceTree = SOURCE_ROOT; };
		374B461A2AF374F20015356A /* DiagnoseCar.graphql */ = {isa = PBXFileReference; lastKnownFileType = text; path = DiagnoseCar.graphql; sourceTree = "<group>"; };
		374B46242AF37FD90015356A /* API.swift */ = {isa = PBXFileReference; fileEncoding = 4; lastKnownFileType = sourcecode.swift; path = API.swift; sourceTree = "<group>"; };
		374B46262AF383100015356A /* Network.swift */ = {isa = PBXFileReference; lastKnownFileType = sourcecode.swift; path = Network.swift; sourceTree = "<group>"; };
		374B46282AF3839E0015356A /* DiagnoseCarViewmodel.swift */ = {isa = PBXFileReference; lastKnownFileType = sourcecode.swift; path = DiagnoseCarViewmodel.swift; sourceTree = "<group>"; };
/* End PBXFileReference section */

/* Begin PBXFrameworksBuildPhase section */
		374B45F32AF361690015356A /* Frameworks */ = {
			isa = PBXFrameworksBuildPhase;
			buildActionMask = 2147483647;
			files = (
				374B460D2AF3689E0015356A /* Apollo in Frameworks */,
			);
			runOnlyForDeploymentPostprocessing = 0;
		};
/* End PBXFrameworksBuildPhase section */

/* Begin PBXGroup section */
		374B45ED2AF361690015356A = {
			isa = PBXGroup;
			children = (
				374B45F82AF361690015356A /* Auctus */,
				374B45F72AF361690015356A /* Products */,
			);
			sourceTree = "<group>";
		};
		374B45F72AF361690015356A /* Products */ = {
			isa = PBXGroup;
			children = (
				374B45F62AF361690015356A /* Auctus.app */,
			);
			name = Products;
			sourceTree = "<group>";
		};
		374B45F82AF361690015356A /* Auctus */ = {
			isa = PBXGroup;
			children = (
				374B46242AF37FD90015356A /* API.swift */,
				374B46182AF370030015356A /* schema.json */,
				374B461A2AF374F20015356A /* DiagnoseCar.graphql */,
				374B45F92AF361690015356A /* AuctusApp.swift */,
				374B45FB2AF361690015356A /* ContentView.swift */,
				374B45FD2AF3616B0015356A /* Assets.xcassets */,
				374B46262AF383100015356A /* Network.swift */,
				374B46282AF3839E0015356A /* DiagnoseCarViewmodel.swift */,
				2935E95D2AF437AF00D45EFC /* DiagnoseCarView.swift */,
				2987FE072AF416E3006467A9 /* Preview */,
			);
			path = Auctus;
			sourceTree = "<group>";
		};
/* End PBXGroup section */

/* Begin PBXNativeTarget section */
		374B45F52AF361690015356A /* Auctus */ = {
			isa = PBXNativeTarget;
			buildConfigurationList = 374B46042AF3616B0015356A /* Build configuration list for PBXNativeTarget "Auctus" */;
			buildPhases = (
				374B45F22AF361690015356A /* Sources */,
				374B45F32AF361690015356A /* Frameworks */,
				374B45F42AF361690015356A /* Resources */,
			);
			buildRules = (
			);
			dependencies = (
			);
			name = Auctus;
			packageProductDependencies = (
				374B460C2AF3689E0015356A /* Apollo */,
			);
			productName = Auctus;
			productReference = 374B45F62AF361690015356A /* Auctus.app */;
			productType = "com.apple.product-type.application";
		};
/* End PBXNativeTarget section */

/* Begin PBXProject section */
		374B45EE2AF361690015356A /* Project object */ = {
			isa = PBXProject;
			attributes = {
				BuildIndependentTargetsInParallel = 1;
				LastSwiftUpdateCheck = 1500;
				LastUpgradeCheck = 1500;
				TargetAttributes = {
					374B45F52AF361690015356A = {
						CreatedOnToolsVersion = 15.0.1;
					};
				};
			};
			buildConfigurationList = 374B45F12AF361690015356A /* Build configuration list for PBXProject "Auctus" */;
			compatibilityVersion = "Xcode 14.0";
			developmentRegion = en;
			hasScannedForEncodings = 0;
			knownRegions = (
				en,
				Base,
			);
			mainGroup = 374B45ED2AF361690015356A;
			packageReferences = (
				374B460B2AF3689E0015356A /* XCRemoteSwiftPackageReference "apollo-ios" */,
			);
			productRefGroup = 374B45F72AF361690015356A /* Products */;
			projectDirPath = "";
			projectRoot = "";
			targets = (
				374B45F52AF361690015356A /* Auctus */,
			);
		};
/* End PBXProject section */

/* Begin PBXResourcesBuildPhase section */
		374B45F42AF361690015356A /* Resources */ = {
			isa = PBXResourcesBuildPhase;
			buildActionMask = 2147483647;
			files = (
				374B461B2AF374F20015356A /* DiagnoseCar.graphql in Resources */,
				2987FE082AF416E3006467A9 /* Preview in Resources */,
				374B46192AF370030015356A /* schema.json in Resources */,
				374B45FE2AF3616B0015356A /* Assets.xcassets in Resources */,
			);
			runOnlyForDeploymentPostprocessing = 0;
		};
/* End PBXResourcesBuildPhase section */

/* Begin PBXSourcesBuildPhase section */
		374B45F22AF361690015356A /* Sources */ = {
			isa = PBXSourcesBuildPhase;
			buildActionMask = 2147483647;
			files = (
				374B45FC2AF361690015356A /* ContentView.swift in Sources */,
				374B46252AF37FD90015356A /* API.swift in Sources */,
				374B46272AF383100015356A /* Network.swift in Sources */,
				2935E95E2AF437AF00D45EFC /* DiagnoseCarView.swift in Sources */,
				374B46292AF3839E0015356A /* DiagnoseCarViewmodel.swift in Sources */,
				374B45FA2AF361690015356A /* AuctusApp.swift in Sources */,
			);
			runOnlyForDeploymentPostprocessing = 0;
		};
/* End PBXSourcesBuildPhase section */

/* Begin XCBuildConfiguration section */
		374B46022AF3616B0015356A /* Debug */ = {
			isa = XCBuildConfiguration;
			buildSettings = {
				ALWAYS_SEARCH_USER_PATHS = NO;
				ASSETCATALOG_COMPILER_GENERATE_SWIFT_ASSET_SYMBOL_EXTENSIONS = YES;
				CLANG_ANALYZER_NONNULL = YES;
				CLANG_ANALYZER_NUMBER_OBJECT_CONVERSION = YES_AGGRESSIVE;
				CLANG_CXX_LANGUAGE_STANDARD = "gnu++20";
				CLANG_ENABLE_MODULES = YES;
				CLANG_ENABLE_OBJC_ARC = YES;
				CLANG_ENABLE_OBJC_WEAK = YES;
				CLANG_WARN_BLOCK_CAPTURE_AUTORELEASING = YES;
				CLANG_WARN_BOOL_CONVERSION = YES;
				CLANG_WARN_COMMA = YES;
				CLANG_WARN_CONSTANT_CONVERSION = YES;
				CLANG_WARN_DEPRECATED_OBJC_IMPLEMENTATIONS = YES;
				CLANG_WARN_DIRECT_OBJC_ISA_USAGE = YES_ERROR;
				CLANG_WARN_DOCUMENTATION_COMMENTS = YES;
				CLANG_WARN_EMPTY_BODY = YES;
				CLANG_WARN_ENUM_CONVERSION = YES;
				CLANG_WARN_INFINITE_RECURSION = YES;
				CLANG_WARN_INT_CONVERSION = YES;
				CLANG_WARN_NON_LITERAL_NULL_CONVERSION = YES;
				CLANG_WARN_OBJC_IMPLICIT_RETAIN_SELF = YES;
				CLANG_WARN_OBJC_LITERAL_CONVERSION = YES;
				CLANG_WARN_OBJC_ROOT_CLASS = YES_ERROR;
				CLANG_WARN_QUOTED_INCLUDE_IN_FRAMEWORK_HEADER = YES;
				CLANG_WARN_RANGE_LOOP_ANALYSIS = YES;
				CLANG_WARN_STRICT_PROTOTYPES = YES;
				CLANG_WARN_SUSPICIOUS_MOVE = YES;
				CLANG_WARN_UNGUARDED_AVAILABILITY = YES_AGGRESSIVE;
				CLANG_WARN_UNREACHABLE_CODE = YES;
				CLANG_WARN__DUPLICATE_METHOD_MATCH = YES;
				COPY_PHASE_STRIP = NO;
				DEBUG_INFORMATION_FORMAT = dwarf;
				ENABLE_STRICT_OBJC_MSGSEND = YES;
				ENABLE_TESTABILITY = YES;
				ENABLE_USER_SCRIPT_SANDBOXING = YES;
				GCC_C_LANGUAGE_STANDARD = gnu17;
				GCC_DYNAMIC_NO_PIC = NO;
				GCC_NO_COMMON_BLOCKS = YES;
				GCC_OPTIMIZATION_LEVEL = 0;
				GCC_PREPROCESSOR_DEFINITIONS = (
					"DEBUG=1",
					"$(inherited)",
				);
				GCC_WARN_64_TO_32_BIT_CONVERSION = YES;
				GCC_WARN_ABOUT_RETURN_TYPE = YES_ERROR;
				GCC_WARN_UNDECLARED_SELECTOR = YES;
				GCC_WARN_UNINITIALIZED_AUTOS = YES_AGGRESSIVE;
				GCC_WARN_UNUSED_FUNCTION = YES;
				GCC_WARN_UNUSED_VARIABLE = YES;
				IPHONEOS_DEPLOYMENT_TARGET = 17.0;
				LOCALIZATION_PREFERS_STRING_CATALOGS = YES;
				MTL_ENABLE_DEBUG_INFO = INCLUDE_SOURCE;
				MTL_FAST_MATH = YES;
				ONLY_ACTIVE_ARCH = YES;
				SDKROOT = iphoneos;
				SWIFT_ACTIVE_COMPILATION_CONDITIONS = "DEBUG $(inherited)";
				SWIFT_OPTIMIZATION_LEVEL = "-Onone";
			};
			name = Debug;
		};
		374B46032AF3616B0015356A /* Release */ = {
			isa = XCBuildConfiguration;
			buildSettings = {
				ALWAYS_SEARCH_USER_PATHS = NO;
				ASSETCATALOG_COMPILER_GENERATE_SWIFT_ASSET_SYMBOL_EXTENSIONS = YES;
				CLANG_ANALYZER_NONNULL = YES;
				CLANG_ANALYZER_NUMBER_OBJECT_CONVERSION = YES_AGGRESSIVE;
				CLANG_CXX_LANGUAGE_STANDARD = "gnu++20";
				CLANG_ENABLE_MODULES = YES;
				CLANG_ENABLE_OBJC_ARC = YES;
				CLANG_ENABLE_OBJC_WEAK = YES;
				CLANG_WARN_BLOCK_CAPTURE_AUTORELEASING = YES;
				CLANG_WARN_BOOL_CONVERSION = YES;
				CLANG_WARN_COMMA = YES;
				CLANG_WARN_CONSTANT_CONVERSION = YES;
				CLANG_WARN_DEPRECATED_OBJC_IMPLEMENTATIONS = YES;
				CLANG_WARN_DIRECT_OBJC_ISA_USAGE = YES_ERROR;
				CLANG_WARN_DOCUMENTATION_COMMENTS = YES;
				CLANG_WARN_EMPTY_BODY = YES;
				CLANG_WARN_ENUM_CONVERSION = YES;
				CLANG_WARN_INFINITE_RECURSION = YES;
				CLANG_WARN_INT_CONVERSION = YES;
				CLANG_WARN_NON_LITERAL_NULL_CONVERSION = YES;
				CLANG_WARN_OBJC_IMPLICIT_RETAIN_SELF = YES;
				CLANG_WARN_OBJC_LITERAL_CONVERSION = YES;
				CLANG_WARN_OBJC_ROOT_CLASS = YES_ERROR;
				CLANG_WARN_QUOTED_INCLUDE_IN_FRAMEWORK_HEADER = YES;
				CLANG_WARN_RANGE_LOOP_ANALYSIS = YES;
				CLANG_WARN_STRICT_PROTOTYPES = YES;
				CLANG_WARN_SUSPICIOUS_MOVE = YES;
				CLANG_WARN_UNGUARDED_AVAILABILITY = YES_AGGRESSIVE;
				CLANG_WARN_UNREACHABLE_CODE = YES;
				CLANG_WARN__DUPLICATE_METHOD_MATCH = YES;
				COPY_PHASE_STRIP = NO;
				DEBUG_INFORMATION_FORMAT = "dwarf-with-dsym";
				ENABLE_NS_ASSERTIONS = NO;
				ENABLE_STRICT_OBJC_MSGSEND = YES;
				ENABLE_USER_SCRIPT_SANDBOXING = YES;
				GCC_C_LANGUAGE_STANDARD = gnu17;
				GCC_NO_COMMON_BLOCKS = YES;
				GCC_WARN_64_TO_32_BIT_CONVERSION = YES;
				GCC_WARN_ABOUT_RETURN_TYPE = YES_ERROR;
				GCC_WARN_UNDECLARED_SELECTOR = YES;
				GCC_WARN_UNINITIALIZED_AUTOS = YES_AGGRESSIVE;
				GCC_WARN_UNUSED_FUNCTION = YES;
				GCC_WARN_UNUSED_VARIABLE = YES;
				IPHONEOS_DEPLOYMENT_TARGET = 17.0;
				LOCALIZATION_PREFERS_STRING_CATALOGS = YES;
				MTL_ENABLE_DEBUG_INFO = NO;
				MTL_FAST_MATH = YES;
				SDKROOT = iphoneos;
				SWIFT_COMPILATION_MODE = wholemodule;
				VALIDATE_PRODUCT = YES;
			};
			name = Release;
		};
		374B46052AF3616B0015356A /* Debug */ = {
			isa = XCBuildConfiguration;
			buildSettings = {
				ASSETCATALOG_COMPILER_APPICON_NAME = AppIcon;
				ASSETCATALOG_COMPILER_GLOBAL_ACCENT_COLOR_NAME = AccentColor;
				CODE_SIGN_STYLE = Automatic;
				CURRENT_PROJECT_VERSION = 1;
				DEVELOPMENT_ASSET_PATHS = "";
				ENABLE_PREVIEWS = YES;
				GENERATE_INFOPLIST_FILE = YES;
				INFOPLIST_KEY_UIApplicationSceneManifest_Generation = YES;
				INFOPLIST_KEY_UIApplicationSupportsIndirectInputEvents = YES;
				INFOPLIST_KEY_UILaunchScreen_Generation = YES;
				INFOPLIST_KEY_UISupportedInterfaceOrientations_iPad = "UIInterfaceOrientationPortrait UIInterfaceOrientationPortraitUpsideDown UIInterfaceOrientationLandscapeLeft UIInterfaceOrientationLandscapeRight";
				INFOPLIST_KEY_UISupportedInterfaceOrientations_iPhone = "UIInterfaceOrientationPortrait UIInterfaceOrientationLandscapeLeft UIInterfaceOrientationLandscapeRight";
				LD_RUNPATH_SEARCH_PATHS = (
					"$(inherited)",
					"@executable_path/Frameworks",
				);
				MARKETING_VERSION = 1.0;
				PRODUCT_BUNDLE_IDENTIFIER = Auctus.Auctus;
				PRODUCT_NAME = "$(TARGET_NAME)";
				SWIFT_EMIT_LOC_STRINGS = YES;
				SWIFT_VERSION = 5.0;
				TARGETED_DEVICE_FAMILY = "1,2";
			};
			name = Debug;
		};
		374B46062AF3616B0015356A /* Release */ = {
			isa = XCBuildConfiguration;
			buildSettings = {
				ASSETCATALOG_COMPILER_APPICON_NAME = AppIcon;
				ASSETCATALOG_COMPILER_GLOBAL_ACCENT_COLOR_NAME = AccentColor;
				CODE_SIGN_STYLE = Automatic;
				CURRENT_PROJECT_VERSION = 1;
				DEVELOPMENT_ASSET_PATHS = "";
				ENABLE_PREVIEWS = YES;
				GENERATE_INFOPLIST_FILE = YES;
				INFOPLIST_KEY_UIApplicationSceneManifest_Generation = YES;
				INFOPLIST_KEY_UIApplicationSupportsIndirectInputEvents = YES;
				INFOPLIST_KEY_UILaunchScreen_Generation = YES;
				INFOPLIST_KEY_UISupportedInterfaceOrientations_iPad = "UIInterfaceOrientationPortrait UIInterfaceOrientationPortraitUpsideDown UIInterfaceOrientationLandscapeLeft UIInterfaceOrientationLandscapeRight";
				INFOPLIST_KEY_UISupportedInterfaceOrientations_iPhone = "UIInterfaceOrientationPortrait UIInterfaceOrientationLandscapeLeft UIInterfaceOrientationLandscapeRight";
				LD_RUNPATH_SEARCH_PATHS = (
					"$(inherited)",
					"@executable_path/Frameworks",
				);
				MARKETING_VERSION = 1.0;
				PRODUCT_BUNDLE_IDENTIFIER = Auctus.Auctus;
				PRODUCT_NAME = "$(TARGET_NAME)";
				SWIFT_EMIT_LOC_STRINGS = YES;
				SWIFT_VERSION = 5.0;
				TARGETED_DEVICE_FAMILY = "1,2";
			};
			name = Release;
		};
/* End XCBuildConfiguration section */

/* Begin XCConfigurationList section */
		374B45F12AF361690015356A /* Build configuration list for PBXProject "Auctus" */ = {
			isa = XCConfigurationList;
			buildConfigurations = (
				374B46022AF3616B0015356A /* Debug */,
				374B46032AF3616B0015356A /* Release */,
			);
			defaultConfigurationIsVisible = 0;
			defaultConfigurationName = Release;
		};
		374B46042AF3616B0015356A /* Build configuration list for PBXNativeTarget "Auctus" */ = {
			isa = XCConfigurationList;
			buildConfigurations = (
				374B46052AF3616B0015356A /* Debug */,
				374B46062AF3616B0015356A /* Release */,
			);
			defaultConfigurationIsVisible = 0;
			defaultConfigurationName = Release;
		};
/* End XCConfigurationList section */

/* Begin XCRemoteSwiftPackageReference section */
		374B460B2AF3689E0015356A /* XCRemoteSwiftPackageReference "apollo-ios" */ = {
			isa = XCRemoteSwiftPackageReference;
			repositoryURL = "https://github.com/apollographql/apollo-ios";
			requirement = {
				kind = exactVersion;
				version = 0.42.0;
			};
		};
/* End XCRemoteSwiftPackageReference section */

/* Begin XCSwiftPackageProductDependency section */
		374B460C2AF3689E0015356A /* Apollo */ = {
			isa = XCSwiftPackageProductDependency;
			package = 374B460B2AF3689E0015356A /* XCRemoteSwiftPackageReference "apollo-ios" */;
			productName = Apollo;
		};
/* End XCSwiftPackageProductDependency section */
	};
	rootObject = 374B45EE2AF361690015356A /* Project object */;
}
